
Microsoft Visual Studio Solution File, Format Version 12.00
# Visual Studio Version 16
VisualStudioVersion = 16.0.29613.14
MinimumVisualStudioVersion = 10.0.40219.1
Project("{9A19103F-16F7-4668-BE54-9A1E7A4F7556}") = "AIGaurd.Service", "AIGaurd.Service\AIGaurd.Service.csproj", "{B1FB5C63-09B3-477B-95A6-7AD0A963A8E2}"
EndProject
Project("{9A19103F-16F7-4668-BE54-9A1E7A4F7556}") = "AIGuard.Repository", "AIGuard.Repository\AIGuard.Repository.csproj", "{B43B57CD-10E6-46EB-81FD-08C1DAF868B4}"
EndProject
Project("{9A19103F-16F7-4668-BE54-9A1E7A4F7556}") = "AIGaurd.Broker", "AIGaurd.Broker\AIGaurd.Broker.csproj", "{CEF2173A-DCFB-4E3A-A12C-69118BBA6F95}"
EndProject
Project("{9A19103F-16F7-4668-BE54-9A1E7A4F7556}") = "AIGuard.Interface", "AIGuard.Interface\AIGuard.Interface.csproj", "{039867F6-550B-420A-B583-52EF75367465}"
EndProject
Project("{9A19103F-16F7-4668-BE54-9A1E7A4F7556}") = "AIGaurd.DeepStack", "AIGaurd.DeepStack\AIGaurd.DeepStack.csproj", "{5B5F314F-DDED-4F63-B376-B69DB3D9F3ED}"
EndProject
Project("{9A19103F-16F7-4668-BE54-9A1E7A4F7556}") = "IRepository", "IRepository\IRepository.csproj", "{BDA7F7B8-94DC-4829-947D-4B5F84E39376}"
EndProject
Project("{9A19103F-16F7-4668-BE54-9A1E7A4F7556}") = "MqttRepository", "MqttRepository\MqttRepository.csproj", "{B6E38385-1F86-4F4D-A3B8-A9E9287EB2CB}"
EndProject
Project("{2150E333-8FDC-42A3-9474-1A3956D46DE8}") = "Solution Items", "Solution Items", "{2D637BAC-77D6-43DD-A269-1EB302A3C4A4}"
	ProjectSection(SolutionItems) = preProject
		Dockerfile. = Dockerfile.
	EndProjectSection
EndProject
Global
	GlobalSection(SolutionConfigurationPlatforms) = preSolution
		Debug|Any CPU = Debug|Any CPU
		Release|Any CPU = Release|Any CPU
	EndGlobalSection
	GlobalSection(ProjectConfigurationPlatforms) = postSolution
		{B1FB5C63-09B3-477B-95A6-7AD0A963A8E2}.Debug|Any CPU.ActiveCfg = Debug|Any CPU
		{B1FB5C63-09B3-477B-95A6-7AD0A963A8E2}.Debug|Any CPU.Build.0 = Debug|Any CPU
		{B1FB5C63-09B3-477B-95A6-7AD0A963A8E2}.Release|Any CPU.ActiveCfg = Release|Any CPU
		{B1FB5C63-09B3-477B-95A6-7AD0A963A8E2}.Release|Any CPU.Build.0 = Release|Any CPU
		{B43B57CD-10E6-46EB-81FD-08C1DAF868B4}.Debug|Any CPU.ActiveCfg = Debug|Any CPU
		{B43B57CD-10E6-46EB-81FD-08C1DAF868B4}.Debug|Any CPU.Build.0 = Debug|Any CPU
		{B43B57CD-10E6-46EB-81FD-08C1DAF868B4}.Release|Any CPU.ActiveCfg = Release|Any CPU
		{B43B57CD-10E6-46EB-81FD-08C1DAF868B4}.Release|Any CPU.Build.0 = Release|Any CPU
		{CEF2173A-DCFB-4E3A-A12C-69118BBA6F95}.Debug|Any CPU.ActiveCfg = Debug|Any CPU
		{CEF2173A-DCFB-4E3A-A12C-69118BBA6F95}.Debug|Any CPU.Build.0 = Debug|Any CPU
		{CEF2173A-DCFB-4E3A-A12C-69118BBA6F95}.Release|Any CPU.ActiveCfg = Release|Any CPU
		{CEF2173A-DCFB-4E3A-A12C-69118BBA6F95}.Release|Any CPU.Build.0 = Release|Any CPU
		{039867F6-550B-420A-B583-52EF75367465}.Debug|Any CPU.ActiveCfg = Debug|Any CPU
		{039867F6-550B-420A-B583-52EF75367465}.Debug|Any CPU.Build.0 = Debug|Any CPU
		{039867F6-550B-420A-B583-52EF75367465}.Release|Any CPU.ActiveCfg = Release|Any CPU
		{039867F6-550B-420A-B583-52EF75367465}.Release|Any CPU.Build.0 = Release|Any CPU
		{5B5F314F-DDED-4F63-B376-B69DB3D9F3ED}.Debug|Any CPU.ActiveCfg = Debug|Any CPU
		{5B5F314F-DDED-4F63-B376-B69DB3D9F3ED}.Debug|Any CPU.Build.0 = Debug|Any CPU
		{5B5F314F-DDED-4F63-B376-B69DB3D9F3ED}.Release|Any CPU.ActiveCfg = Release|Any CPU
		{5B5F314F-DDED-4F63-B376-B69DB3D9F3ED}.Release|Any CPU.Build.0 = Release|Any CPU
		{BDA7F7B8-94DC-4829-947D-4B5F84E39376}.Debug|Any CPU.ActiveCfg = Debug|Any CPU
		{BDA7F7B8-94DC-4829-947D-4B5F84E39376}.Debug|Any CPU.Build.0 = Debug|Any CPU
		{BDA7F7B8-94DC-4829-947D-4B5F84E39376}.Release|Any CPU.ActiveCfg = Release|Any CPU
		{BDA7F7B8-94DC-4829-947D-4B5F84E39376}.Release|Any CPU.Build.0 = Release|Any CPU
		{B6E38385-1F86-4F4D-A3B8-A9E9287EB2CB}.Debug|Any CPU.ActiveCfg = Debug|Any CPU
		{B6E38385-1F86-4F4D-A3B8-A9E9287EB2CB}.Debug|Any CPU.Build.0 = Debug|Any CPU
		{B6E38385-1F86-4F4D-A3B8-A9E9287EB2CB}.Release|Any CPU.ActiveCfg = Release|Any CPU
		{B6E38385-1F86-4F4D-A3B8-A9E9287EB2CB}.Release|Any CPU.Build.0 = Release|Any CPU
	EndGlobalSection
	GlobalSection(SolutionProperties) = preSolution
		HideSolutionNode = FALSE
	EndGlobalSection
	GlobalSection(ExtensibilityGlobals) = postSolution
		SolutionGuid = {D0F15684-B049-43A3-84FE-DDF632D75F8D}
	EndGlobalSection
EndGlobal
